
Microsoft Visual Studio Solution File, Format Version 12.00
# Visual Studio Version 16
VisualStudioVersion = 16.0.29509.3
MinimumVisualStudioVersion = 10.0.40219.1
Project("{8BC9CEB8-8B4A-11D0-8D11-00A0C91BC942}") = "Triangle", "Triangle\Triangle.vcxproj", "{2A47D2BB-4C86-4472-8D00-E9767FB3D0D4}"
EndProject
Project("{8BC9CEB8-8B4A-11D0-8D11-00A0C91BC942}") = "GLTools", "GLTools\GLTools.vcxproj", "{FDC89E84-3E71-491F-A69B-5F83255D9793}"
EndProject
Project("{8BC9CEB8-8B4A-11D0-8D11-00A0C91BC942}") = "Move", "Move\Move.vcxproj", "{8F84B399-2335-4EEF-9C9E-890A2D2D0BCF}"
EndProject
Project("{8BC9CEB8-8B4A-11D0-8D11-00A0C91BC942}") = "Scissor", "Scissor\Scissor.vcxproj", "{86C64CDE-659B-4D49-8FE4-138EAD71F717}"
EndProject
Project("{8BC9CEB8-8B4A-11D0-8D11-00A0C91BC942}") = "GeoTest", "GeoTest\GeoTest.vcxproj", "{C68BC31E-9A5F-4624-A496-4EC3C63246E8}"
EndProject
Project("{8BC9CEB8-8B4A-11D0-8D11-00A0C91BC942}") = "FreeGLUT", "FreeGLUT\FreeGLUT.vcxproj", "{9D49C0C7-F2AF-407C-8F2E-AF592F9ED876}"
EndProject
Project("{8BC9CEB8-8B4A-11D0-8D11-00A0C91BC942}") = "Primitives", "Primitives\Primitives.vcxproj", "{1F1DF76B-3B5B-4A58-8F3E-31B5B8028E66}"
EndProject
Project("{8BC9CEB8-8B4A-11D0-8D11-00A0C91BC942}") = "Block", "Block\Block.vcxproj", "{17AE58D5-71E2-4B68-A2DA-44B0A0F1DEC4}"
EndProject
Project("{8BC9CEB8-8B4A-11D0-8D11-00A0C91BC942}") = "Bounce", "Bounce\Bounce.vcxproj", "{3DB91DB1-E147-4B38-868C-603CDFDF9F62}"
EndProject
Project("{8BC9CEB8-8B4A-11D0-8D11-00A0C91BC942}") = "Blending", "Blending\Blending.vcxproj", "{41398512-DDC4-42E4-9A7A-CED685B255A8}"
EndProject
Project("{8BC9CEB8-8B4A-11D0-8D11-00A0C91BC942}") = "Smoother", "Smoother\Smoother.vcxproj", "{759A7CE5-6F84-4EB1-933B-3F4D571A07E0}"
EndProject
Project("{8BC9CEB8-8B4A-11D0-8D11-00A0C91BC942}") = "Chapter4-Move", "Chapter4-Move\Chapter4-Move.vcxproj", "{3E1548D8-D41B-48A0-8A2D-94949B600B21}"
EndProject
Project("{8BC9CEB8-8B4A-11D0-8D11-00A0C91BC942}") = "Chapter4-ModelViewProjection", "Chapter4-ModelViewProjection\Chapter4-ModelViewProjection.vcxproj", "{6745B8A0-ACD0-4729-B758-74BBA41891EF}"
EndProject
Project("{8BC9CEB8-8B4A-11D0-8D11-00A0C91BC942}") = "Chapter4-Objects", "Chapter4-Objects\Chapter4-Objects.vcxproj", "{3F5AB299-C9DF-45CE-A071-15DEB0FD007D}"
EndProject
Project("{8BC9CEB8-8B4A-11D0-8D11-00A0C91BC942}") = "Chapter4-Orthographic", "Chapter4-Orthographic\Chapter4-Orthographic.vcxproj", "{736B5A88-B7AF-490D-9F6F-C8AB23C5FB35}"
EndProject
Project("{8BC9CEB8-8B4A-11D0-8D11-00A0C91BC942}") = "Chapter4-Perspective", "Chapter4-Perspective\Chapter4-Perspective.vcxproj", "{E3ED7B33-1A58-47CD-B57C-08F599A5D68A}"
EndProject
Project("{8BC9CEB8-8B4A-11D0-8D11-00A0C91BC942}") = "Chapter4-SphereWorld", "Chapter4-SphereWorld\Chapter4-SphereWorld.vcxproj", "{BE699003-E472-4000-81C3-33AE10B4F03D}"
EndProject
Project("{8BC9CEB8-8B4A-11D0-8D11-00A0C91BC942}") = "Chapter4-SphereWorld2", "Chapter4-SphereWorld2\Chapter4-SphereWorld2.vcxproj", "{B5EF7925-4635-4E67-B2EE-2E1E8C4DE9BF}"
EndProject
Project("{8BC9CEB8-8B4A-11D0-8D11-00A0C91BC942}") = "Chapter4-SphereWorld3", "Chapter4-SphereWorld3\Chapter4-SphereWorld3.vcxproj", "{48762E31-95B1-4529-8BFA-BA9BF0D279DB}"
EndProject
Project("{8BC9CEB8-8B4A-11D0-8D11-00A0C91BC942}") = "Chapter4-SphereWorld4", "Chapter4-SphereWorld4\Chapter4-SphereWorld4.vcxproj", "{C3B58C62-3D00-493B-A246-129D9D18AA85}"
EndProject
Project("{8BC9CEB8-8B4A-11D0-8D11-00A0C91BC942}") = "Chapter5-WriteTGA", "Chapter5-WriteTGA\Chapter5-WriteTGA.vcxproj", "{00EB091D-98CB-462B-B07A-B8BD18F11647}"
EndProject
Project("{8BC9CEB8-8B4A-11D0-8D11-00A0C91BC942}") = "Chapter5-Pyramid", "Chapter5-Pyramid\Chapter5-Pyramid.vcxproj", "{1F791F10-C5CE-4F58-A3ED-83787A074665}"
EndProject
Project("{8BC9CEB8-8B4A-11D0-8D11-00A0C91BC942}") = "Chapter5-Tunnel", "Chapter5-Tunnel\Chapter5-Tunnel.vcxproj", "{9116C2FD-D976-4631-8D9A-26BA46728D2A}"
EndProject
Project("{8BC9CEB8-8B4A-11D0-8D11-00A0C91BC942}") = "Chapter5-Anisotropic", "Chapter5-Anisotropic\Chapter5-Anisotropic.vcxproj", "{5D33C541-B3CE-489F-892D-5620ACFD7DDF}"
EndProject
Project("{8BC9CEB8-8B4A-11D0-8D11-00A0C91BC942}") = "Chapter5-SphereWorld", "Chapter5-SphereWorld\Chapter5-SphereWorld.vcxproj", "{E0AD2860-0F1B-408E-907E-87BA92848AC1}"
EndProject
Project("{8BC9CEB8-8B4A-11D0-8D11-00A0C91BC942}") = "Chapter6-Triangle", "Chapter6-Triangle\Chapter6-Triangle.vcxproj", "{FDD963BB-428B-4C29-B9F6-854FB5DED46F}"
EndProject
Project("{8BC9CEB8-8B4A-11D0-8D11-00A0C91BC942}") = "Chapter6-ShadedTriangle", "Chapter6-ShadedTriangle\Chapter6-ShadedTriangle.vcxproj", "{A6C74857-05EC-4300-8DAD-F25DF4DED17F}"
EndProject
Project("{8BC9CEB8-8B4A-11D0-8D11-00A0C91BC942}") = "Chapter6-ProvokingVertex", "Chapter6-ProvokingVertex\Chapter6-ProvokingVertex.vcxproj", "{8BA15AD9-995A-4B85-B18A-643B8F303731}"
EndProject
Project("{8BC9CEB8-8B4A-11D0-8D11-00A0C91BC942}") = "Chapter6-FlatShader", "Chapter6-FlatShader\Chapter6-FlatShader.vcxproj", "{4C13B928-802F-467E-ABD8-5C70D09E763F}"
EndProject
Project("{2150E333-8FDC-42A3-9474-1A3956D46DE8}") = "Chapter123", "Chapter123", "{086EDF26-BD9A-42FE-A9CA-A04C85BEB706}"
EndProject
Project("{2150E333-8FDC-42A3-9474-1A3956D46DE8}") = "Chapter4", "Chapter4", "{B01B8E4F-1AC5-4205-B497-95A1948043C4}"
EndProject
Project("{2150E333-8FDC-42A3-9474-1A3956D46DE8}") = "Chapter5", "Chapter5", "{82E39A8F-41D7-4680-9886-0BDD115F9C1A}"
EndProject
Project("{2150E333-8FDC-42A3-9474-1A3956D46DE8}") = "Chapter6", "Chapter6", "{4B9768C0-27D2-4788-9B47-BEBDD76DEA78}"
EndProject
Project("{8BC9CEB8-8B4A-11D0-8D11-00A0C91BC942}") = "Chapter6-DiffuseLight", "Chapter6-DiffuseLight\Chapter6-DiffuseLight.vcxproj", "{A9F67318-55E8-43F2-9F42-E1196E14DC30}"
	ProjectSection(ProjectDependencies) = postProject
		{FDC89E84-3E71-491F-A69B-5F83255D9793} = {FDC89E84-3E71-491F-A69B-5F83255D9793}
		{9D49C0C7-F2AF-407C-8F2E-AF592F9ED876} = {9D49C0C7-F2AF-407C-8F2E-AF592F9ED876}
	EndProjectSection
EndProject
Project("{8BC9CEB8-8B4A-11D0-8D11-00A0C91BC942}") = "Chapter6-ADSGouraud", "Chapter6-ADSGouraud\Chapter6-ADSGouraud.vcxproj", "{F386F31D-CB21-4B23-B30C-5E188FEA1F61}"
	ProjectSection(ProjectDependencies) = postProject
		{FDC89E84-3E71-491F-A69B-5F83255D9793} = {FDC89E84-3E71-491F-A69B-5F83255D9793}
		{9D49C0C7-F2AF-407C-8F2E-AF592F9ED876} = {9D49C0C7-F2AF-407C-8F2E-AF592F9ED876}
	EndProjectSection
EndProject
Project("{8BC9CEB8-8B4A-11D0-8D11-00A0C91BC942}") = "Chapter6-ADSPhong", "Chapter6-ADSPhong\Chapter6-ADSPhong.vcxproj", "{0E922113-796D-4676-9712-770E01E3CCDF}"
	ProjectSection(ProjectDependencies) = postProject
		{FDC89E84-3E71-491F-A69B-5F83255D9793} = {FDC89E84-3E71-491F-A69B-5F83255D9793}
		{9D49C0C7-F2AF-407C-8F2E-AF592F9ED876} = {9D49C0C7-F2AF-407C-8F2E-AF592F9ED876}
	EndProjectSection
EndProject
Project("{8BC9CEB8-8B4A-11D0-8D11-00A0C91BC942}") = "Chapter6-TexturedTriangle", "Chapter6-TexturedTriangle\Chapter6-TexturedTriangle.vcxproj", "{B5CC1F7A-ED8B-4DAB-958A-E746AA95F270}"
	ProjectSection(ProjectDependencies) = postProject
		{FDC89E84-3E71-491F-A69B-5F83255D9793} = {FDC89E84-3E71-491F-A69B-5F83255D9793}
		{9D49C0C7-F2AF-407C-8F2E-AF592F9ED876} = {9D49C0C7-F2AF-407C-8F2E-AF592F9ED876}
	EndProjectSection
EndProject
Project("{8BC9CEB8-8B4A-11D0-8D11-00A0C91BC942}") = "Chapter6-LitTexture", "Chapter6-LitTexture\Chapter6-LitTexture.vcxproj", "{F770487E-32FC-47A3-BAAB-524A019E4F14}"
	ProjectSection(ProjectDependencies) = postProject
		{FDC89E84-3E71-491F-A69B-5F83255D9793} = {FDC89E84-3E71-491F-A69B-5F83255D9793}
		{9D49C0C7-F2AF-407C-8F2E-AF592F9ED876} = {9D49C0C7-F2AF-407C-8F2E-AF592F9ED876}
	EndProjectSection
EndProject
Project("{8BC9CEB8-8B4A-11D0-8D11-00A0C91BC942}") = "Chapter6-Dissolve", "Chapter6-Dissolve\Chapter6-Dissolve.vcxproj", "{9BAB35E4-F995-4E4E-8D33-654A1076C3A6}"
EndProject
Project("{8BC9CEB8-8B4A-11D0-8D11-00A0C91BC942}") = "Chapter6-ToonShader", "Chapter6-ToonShader\Chapter6-ToonShader.vcxproj", "{378100C4-9014-4AD5-9F70-9ECDE850DDFC}"
EndProject
Global
	GlobalSection(SolutionConfigurationPlatforms) = preSolution
		Debug|Win32 = Debug|Win32
		Debug|x64 = Debug|x64
		Release|Win32 = Release|Win32
		Release|x64 = Release|x64
	EndGlobalSection
	GlobalSection(ProjectConfigurationPlatforms) = postSolution
		{2A47D2BB-4C86-4472-8D00-E9767FB3D0D4}.Debug|Win32.ActiveCfg = Debug|Win32
		{2A47D2BB-4C86-4472-8D00-E9767FB3D0D4}.Debug|Win32.Build.0 = Debug|Win32
		{2A47D2BB-4C86-4472-8D00-E9767FB3D0D4}.Debug|x64.ActiveCfg = Debug|Win32
		{2A47D2BB-4C86-4472-8D00-E9767FB3D0D4}.Release|Win32.ActiveCfg = Release|Win32
		{2A47D2BB-4C86-4472-8D00-E9767FB3D0D4}.Release|Win32.Build.0 = Release|Win32
		{2A47D2BB-4C86-4472-8D00-E9767FB3D0D4}.Release|x64.ActiveCfg = Release|Win32
		{FDC89E84-3E71-491F-A69B-5F83255D9793}.Debug|Win32.ActiveCfg = Debug|Win32
		{FDC89E84-3E71-491F-A69B-5F83255D9793}.Debug|Win32.Build.0 = Debug|Win32
		{FDC89E84-3E71-491F-A69B-5F83255D9793}.Debug|x64.ActiveCfg = Debug|Win32
		{FDC89E84-3E71-491F-A69B-5F83255D9793}.Release|Win32.ActiveCfg = Release|Win32
		{FDC89E84-3E71-491F-A69B-5F83255D9793}.Release|Win32.Build.0 = Release|Win32
		{FDC89E84-3E71-491F-A69B-5F83255D9793}.Release|x64.ActiveCfg = Release|Win32
		{8F84B399-2335-4EEF-9C9E-890A2D2D0BCF}.Debug|Win32.ActiveCfg = Debug|Win32
		{8F84B399-2335-4EEF-9C9E-890A2D2D0BCF}.Debug|Win32.Build.0 = Debug|Win32
		{8F84B399-2335-4EEF-9C9E-890A2D2D0BCF}.Debug|x64.ActiveCfg = Debug|Win32
		{8F84B399-2335-4EEF-9C9E-890A2D2D0BCF}.Release|Win32.ActiveCfg = Release|Win32
		{8F84B399-2335-4EEF-9C9E-890A2D2D0BCF}.Release|Win32.Build.0 = Release|Win32
		{8F84B399-2335-4EEF-9C9E-890A2D2D0BCF}.Release|x64.ActiveCfg = Release|Win32
		{86C64CDE-659B-4D49-8FE4-138EAD71F717}.Debug|Win32.ActiveCfg = Debug|Win32
		{86C64CDE-659B-4D49-8FE4-138EAD71F717}.Debug|Win32.Build.0 = Debug|Win32
		{86C64CDE-659B-4D49-8FE4-138EAD71F717}.Debug|x64.ActiveCfg = Debug|Win32
		{86C64CDE-659B-4D49-8FE4-138EAD71F717}.Release|Win32.ActiveCfg = Release|Win32
		{86C64CDE-659B-4D49-8FE4-138EAD71F717}.Release|Win32.Build.0 = Release|Win32
		{86C64CDE-659B-4D49-8FE4-138EAD71F717}.Release|x64.ActiveCfg = Release|Win32
		{C68BC31E-9A5F-4624-A496-4EC3C63246E8}.Debug|Win32.ActiveCfg = Debug|Win32
		{C68BC31E-9A5F-4624-A496-4EC3C63246E8}.Debug|Win32.Build.0 = Debug|Win32
		{C68BC31E-9A5F-4624-A496-4EC3C63246E8}.Debug|x64.ActiveCfg = Debug|Win32
		{C68BC31E-9A5F-4624-A496-4EC3C63246E8}.Release|Win32.ActiveCfg = Release|Win32
		{C68BC31E-9A5F-4624-A496-4EC3C63246E8}.Release|Win32.Build.0 = Release|Win32
		{C68BC31E-9A5F-4624-A496-4EC3C63246E8}.Release|x64.ActiveCfg = Release|Win32
		{9D49C0C7-F2AF-407C-8F2E-AF592F9ED876}.Debug|Win32.ActiveCfg = Debug|Win32
		{9D49C0C7-F2AF-407C-8F2E-AF592F9ED876}.Debug|Win32.Build.0 = Debug|Win32
		{9D49C0C7-F2AF-407C-8F2E-AF592F9ED876}.Debug|x64.ActiveCfg = Debug|Win32
		{9D49C0C7-F2AF-407C-8F2E-AF592F9ED876}.Release|Win32.ActiveCfg = Release|Win32
		{9D49C0C7-F2AF-407C-8F2E-AF592F9ED876}.Release|Win32.Build.0 = Release|Win32
		{9D49C0C7-F2AF-407C-8F2E-AF592F9ED876}.Release|x64.ActiveCfg = Release|Win32
		{1F1DF76B-3B5B-4A58-8F3E-31B5B8028E66}.Debug|Win32.ActiveCfg = Debug|Win32
		{1F1DF76B-3B5B-4A58-8F3E-31B5B8028E66}.Debug|Win32.Build.0 = Debug|Win32
		{1F1DF76B-3B5B-4A58-8F3E-31B5B8028E66}.Debug|x64.ActiveCfg = Debug|Win32
		{1F1DF76B-3B5B-4A58-8F3E-31B5B8028E66}.Release|Win32.ActiveCfg = Release|Win32
		{1F1DF76B-3B5B-4A58-8F3E-31B5B8028E66}.Release|Win32.Build.0 = Release|Win32
		{1F1DF76B-3B5B-4A58-8F3E-31B5B8028E66}.Release|x64.ActiveCfg = Release|Win32
		{17AE58D5-71E2-4B68-A2DA-44B0A0F1DEC4}.Debug|Win32.ActiveCfg = Debug|Win32
		{17AE58D5-71E2-4B68-A2DA-44B0A0F1DEC4}.Debug|Win32.Build.0 = Debug|Win32
		{17AE58D5-71E2-4B68-A2DA-44B0A0F1DEC4}.Debug|x64.ActiveCfg = Debug|Win32
		{17AE58D5-71E2-4B68-A2DA-44B0A0F1DEC4}.Release|Win32.ActiveCfg = Release|Win32
		{17AE58D5-71E2-4B68-A2DA-44B0A0F1DEC4}.Release|Win32.Build.0 = Release|Win32
		{17AE58D5-71E2-4B68-A2DA-44B0A0F1DEC4}.Release|x64.ActiveCfg = Release|Win32
		{3DB91DB1-E147-4B38-868C-603CDFDF9F62}.Debug|Win32.ActiveCfg = Debug|Win32
		{3DB91DB1-E147-4B38-868C-603CDFDF9F62}.Debug|Win32.Build.0 = Debug|Win32
		{3DB91DB1-E147-4B38-868C-603CDFDF9F62}.Debug|x64.ActiveCfg = Debug|Win32
		{3DB91DB1-E147-4B38-868C-603CDFDF9F62}.Release|Win32.ActiveCfg = Release|Win32
		{3DB91DB1-E147-4B38-868C-603CDFDF9F62}.Release|Win32.Build.0 = Release|Win32
		{3DB91DB1-E147-4B38-868C-603CDFDF9F62}.Release|x64.ActiveCfg = Release|Win32
		{41398512-DDC4-42E4-9A7A-CED685B255A8}.Debug|Win32.ActiveCfg = Debug|Win32
		{41398512-DDC4-42E4-9A7A-CED685B255A8}.Debug|Win32.Build.0 = Debug|Win32
		{41398512-DDC4-42E4-9A7A-CED685B255A8}.Debug|x64.ActiveCfg = Debug|Win32
		{41398512-DDC4-42E4-9A7A-CED685B255A8}.Release|Win32.ActiveCfg = Release|Win32
		{41398512-DDC4-42E4-9A7A-CED685B255A8}.Release|Win32.Build.0 = Release|Win32
		{41398512-DDC4-42E4-9A7A-CED685B255A8}.Release|x64.ActiveCfg = Release|Win32
		{759A7CE5-6F84-4EB1-933B-3F4D571A07E0}.Debug|Win32.ActiveCfg = Debug|Win32
		{759A7CE5-6F84-4EB1-933B-3F4D571A07E0}.Debug|Win32.Build.0 = Debug|Win32
		{759A7CE5-6F84-4EB1-933B-3F4D571A07E0}.Debug|x64.ActiveCfg = Debug|Win32
		{759A7CE5-6F84-4EB1-933B-3F4D571A07E0}.Release|Win32.ActiveCfg = Release|Win32
		{759A7CE5-6F84-4EB1-933B-3F4D571A07E0}.Release|Win32.Build.0 = Release|Win32
		{759A7CE5-6F84-4EB1-933B-3F4D571A07E0}.Release|x64.ActiveCfg = Release|Win32
		{3E1548D8-D41B-48A0-8A2D-94949B600B21}.Debug|Win32.ActiveCfg = Debug|Win32
		{3E1548D8-D41B-48A0-8A2D-94949B600B21}.Debug|Win32.Build.0 = Debug|Win32
		{3E1548D8-D41B-48A0-8A2D-94949B600B21}.Debug|x64.ActiveCfg = Debug|Win32
		{3E1548D8-D41B-48A0-8A2D-94949B600B21}.Release|Win32.ActiveCfg = Release|Win32
		{3E1548D8-D41B-48A0-8A2D-94949B600B21}.Release|Win32.Build.0 = Release|Win32
		{3E1548D8-D41B-48A0-8A2D-94949B600B21}.Release|x64.ActiveCfg = Release|Win32
		{6745B8A0-ACD0-4729-B758-74BBA41891EF}.Debug|Win32.ActiveCfg = Debug|Win32
		{6745B8A0-ACD0-4729-B758-74BBA41891EF}.Debug|Win32.Build.0 = Debug|Win32
		{6745B8A0-ACD0-4729-B758-74BBA41891EF}.Debug|x64.ActiveCfg = Debug|Win32
		{6745B8A0-ACD0-4729-B758-74BBA41891EF}.Release|Win32.ActiveCfg = Release|Win32
		{6745B8A0-ACD0-4729-B758-74BBA41891EF}.Release|Win32.Build.0 = Release|Win32
		{6745B8A0-ACD0-4729-B758-74BBA41891EF}.Release|x64.ActiveCfg = Release|Win32
		{3F5AB299-C9DF-45CE-A071-15DEB0FD007D}.Debug|Win32.ActiveCfg = Debug|Win32
		{3F5AB299-C9DF-45CE-A071-15DEB0FD007D}.Debug|Win32.Build.0 = Debug|Win32
		{3F5AB299-C9DF-45CE-A071-15DEB0FD007D}.Debug|x64.ActiveCfg = Debug|Win32
		{3F5AB299-C9DF-45CE-A071-15DEB0FD007D}.Release|Win32.ActiveCfg = Release|Win32
		{3F5AB299-C9DF-45CE-A071-15DEB0FD007D}.Release|Win32.Build.0 = Release|Win32
		{3F5AB299-C9DF-45CE-A071-15DEB0FD007D}.Release|x64.ActiveCfg = Release|Win32
		{736B5A88-B7AF-490D-9F6F-C8AB23C5FB35}.Debug|Win32.ActiveCfg = Debug|Win32
		{736B5A88-B7AF-490D-9F6F-C8AB23C5FB35}.Debug|Win32.Build.0 = Debug|Win32
		{736B5A88-B7AF-490D-9F6F-C8AB23C5FB35}.Debug|x64.ActiveCfg = Debug|Win32
		{736B5A88-B7AF-490D-9F6F-C8AB23C5FB35}.Release|Win32.ActiveCfg = Release|Win32
		{736B5A88-B7AF-490D-9F6F-C8AB23C5FB35}.Release|Win32.Build.0 = Release|Win32
		{736B5A88-B7AF-490D-9F6F-C8AB23C5FB35}.Release|x64.ActiveCfg = Release|Win32
		{E3ED7B33-1A58-47CD-B57C-08F599A5D68A}.Debug|Win32.ActiveCfg = Debug|Win32
		{E3ED7B33-1A58-47CD-B57C-08F599A5D68A}.Debug|Win32.Build.0 = Debug|Win32
		{E3ED7B33-1A58-47CD-B57C-08F599A5D68A}.Debug|x64.ActiveCfg = Debug|Win32
		{E3ED7B33-1A58-47CD-B57C-08F599A5D68A}.Release|Win32.ActiveCfg = Release|Win32
		{E3ED7B33-1A58-47CD-B57C-08F599A5D68A}.Release|Win32.Build.0 = Release|Win32
		{E3ED7B33-1A58-47CD-B57C-08F599A5D68A}.Release|x64.ActiveCfg = Release|Win32
		{BE699003-E472-4000-81C3-33AE10B4F03D}.Debug|Win32.ActiveCfg = Debug|Win32
		{BE699003-E472-4000-81C3-33AE10B4F03D}.Debug|Win32.Build.0 = Debug|Win32
		{BE699003-E472-4000-81C3-33AE10B4F03D}.Debug|x64.ActiveCfg = Debug|Win32
		{BE699003-E472-4000-81C3-33AE10B4F03D}.Release|Win32.ActiveCfg = Release|Win32
		{BE699003-E472-4000-81C3-33AE10B4F03D}.Release|Win32.Build.0 = Release|Win32
		{BE699003-E472-4000-81C3-33AE10B4F03D}.Release|x64.ActiveCfg = Release|Win32
		{B5EF7925-4635-4E67-B2EE-2E1E8C4DE9BF}.Debug|Win32.ActiveCfg = Debug|Win32
		{B5EF7925-4635-4E67-B2EE-2E1E8C4DE9BF}.Debug|Win32.Build.0 = Debug|Win32
		{B5EF7925-4635-4E67-B2EE-2E1E8C4DE9BF}.Debug|x64.ActiveCfg = Debug|Win32
		{B5EF7925-4635-4E67-B2EE-2E1E8C4DE9BF}.Release|Win32.ActiveCfg = Release|Win32
		{B5EF7925-4635-4E67-B2EE-2E1E8C4DE9BF}.Release|Win32.Build.0 = Release|Win32
		{B5EF7925-4635-4E67-B2EE-2E1E8C4DE9BF}.Release|x64.ActiveCfg = Release|Win32
		{48762E31-95B1-4529-8BFA-BA9BF0D279DB}.Debug|Win32.ActiveCfg = Debug|Win32
		{48762E31-95B1-4529-8BFA-BA9BF0D279DB}.Debug|Win32.Build.0 = Debug|Win32
		{48762E31-95B1-4529-8BFA-BA9BF0D279DB}.Debug|x64.ActiveCfg = Debug|Win32
		{48762E31-95B1-4529-8BFA-BA9BF0D279DB}.Release|Win32.ActiveCfg = Release|Win32
		{48762E31-95B1-4529-8BFA-BA9BF0D279DB}.Release|Win32.Build.0 = Release|Win32
		{48762E31-95B1-4529-8BFA-BA9BF0D279DB}.Release|x64.ActiveCfg = Release|Win32
		{C3B58C62-3D00-493B-A246-129D9D18AA85}.Debug|Win32.ActiveCfg = Debug|Win32
		{C3B58C62-3D00-493B-A246-129D9D18AA85}.Debug|Win32.Build.0 = Debug|Win32
		{C3B58C62-3D00-493B-A246-129D9D18AA85}.Debug|x64.ActiveCfg = Debug|Win32
		{C3B58C62-3D00-493B-A246-129D9D18AA85}.Release|Win32.ActiveCfg = Release|Win32
		{C3B58C62-3D00-493B-A246-129D9D18AA85}.Release|Win32.Build.0 = Release|Win32
		{C3B58C62-3D00-493B-A246-129D9D18AA85}.Release|x64.ActiveCfg = Release|Win32
		{00EB091D-98CB-462B-B07A-B8BD18F11647}.Debug|Win32.ActiveCfg = Debug|Win32
		{00EB091D-98CB-462B-B07A-B8BD18F11647}.Debug|Win32.Build.0 = Debug|Win32
		{00EB091D-98CB-462B-B07A-B8BD18F11647}.Debug|x64.ActiveCfg = Debug|Win32
		{00EB091D-98CB-462B-B07A-B8BD18F11647}.Release|Win32.ActiveCfg = Release|Win32
		{00EB091D-98CB-462B-B07A-B8BD18F11647}.Release|Win32.Build.0 = Release|Win32
		{00EB091D-98CB-462B-B07A-B8BD18F11647}.Release|x64.ActiveCfg = Release|Win32
		{1F791F10-C5CE-4F58-A3ED-83787A074665}.Debug|Win32.ActiveCfg = Debug|Win32
		{1F791F10-C5CE-4F58-A3ED-83787A074665}.Debug|Win32.Build.0 = Debug|Win32
		{1F791F10-C5CE-4F58-A3ED-83787A074665}.Debug|x64.ActiveCfg = Debug|Win32
		{1F791F10-C5CE-4F58-A3ED-83787A074665}.Release|Win32.ActiveCfg = Release|Win32
		{1F791F10-C5CE-4F58-A3ED-83787A074665}.Release|Win32.Build.0 = Release|Win32
		{1F791F10-C5CE-4F58-A3ED-83787A074665}.Release|x64.ActiveCfg = Release|Win32
		{9116C2FD-D976-4631-8D9A-26BA46728D2A}.Debug|Win32.ActiveCfg = Debug|Win32
		{9116C2FD-D976-4631-8D9A-26BA46728D2A}.Debug|Win32.Build.0 = Debug|Win32
		{9116C2FD-D976-4631-8D9A-26BA46728D2A}.Debug|x64.ActiveCfg = Debug|Win32
		{9116C2FD-D976-4631-8D9A-26BA46728D2A}.Release|Win32.ActiveCfg = Release|Win32
		{9116C2FD-D976-4631-8D9A-26BA46728D2A}.Release|Win32.Build.0 = Release|Win32
		{9116C2FD-D976-4631-8D9A-26BA46728D2A}.Release|x64.ActiveCfg = Release|Win32
		{5D33C541-B3CE-489F-892D-5620ACFD7DDF}.Debug|Win32.ActiveCfg = Debug|Win32
		{5D33C541-B3CE-489F-892D-5620ACFD7DDF}.Debug|Win32.Build.0 = Debug|Win32
		{5D33C541-B3CE-489F-892D-5620ACFD7DDF}.Debug|x64.ActiveCfg = Debug|Win32
		{5D33C541-B3CE-489F-892D-5620ACFD7DDF}.Release|Win32.ActiveCfg = Release|Win32
		{5D33C541-B3CE-489F-892D-5620ACFD7DDF}.Release|Win32.Build.0 = Release|Win32
		{5D33C541-B3CE-489F-892D-5620ACFD7DDF}.Release|x64.ActiveCfg = Release|Win32
		{E0AD2860-0F1B-408E-907E-87BA92848AC1}.Debug|Win32.ActiveCfg = Debug|Win32
		{E0AD2860-0F1B-408E-907E-87BA92848AC1}.Debug|Win32.Build.0 = Debug|Win32
		{E0AD2860-0F1B-408E-907E-87BA92848AC1}.Debug|x64.ActiveCfg = Debug|Win32
		{E0AD2860-0F1B-408E-907E-87BA92848AC1}.Release|Win32.ActiveCfg = Release|Win32
		{E0AD2860-0F1B-408E-907E-87BA92848AC1}.Release|Win32.Build.0 = Release|Win32
		{E0AD2860-0F1B-408E-907E-87BA92848AC1}.Release|x64.ActiveCfg = Release|Win32
		{FDD963BB-428B-4C29-B9F6-854FB5DED46F}.Debug|Win32.ActiveCfg = Debug|Win32
		{FDD963BB-428B-4C29-B9F6-854FB5DED46F}.Debug|Win32.Build.0 = Debug|Win32
		{FDD963BB-428B-4C29-B9F6-854FB5DED46F}.Debug|x64.ActiveCfg = Debug|Win32
		{FDD963BB-428B-4C29-B9F6-854FB5DED46F}.Release|Win32.ActiveCfg = Release|Win32
		{FDD963BB-428B-4C29-B9F6-854FB5DED46F}.Release|Win32.Build.0 = Release|Win32
		{FDD963BB-428B-4C29-B9F6-854FB5DED46F}.Release|x64.ActiveCfg = Release|Win32
		{A6C74857-05EC-4300-8DAD-F25DF4DED17F}.Debug|Win32.ActiveCfg = Debug|Win32
		{A6C74857-05EC-4300-8DAD-F25DF4DED17F}.Debug|Win32.Build.0 = Debug|Win32
		{A6C74857-05EC-4300-8DAD-F25DF4DED17F}.Debug|x64.ActiveCfg = Debug|Win32
		{A6C74857-05EC-4300-8DAD-F25DF4DED17F}.Release|Win32.ActiveCfg = Release|Win32
		{A6C74857-05EC-4300-8DAD-F25DF4DED17F}.Release|Win32.Build.0 = Release|Win32
		{A6C74857-05EC-4300-8DAD-F25DF4DED17F}.Release|x64.ActiveCfg = Release|Win32
		{8BA15AD9-995A-4B85-B18A-643B8F303731}.Debug|Win32.ActiveCfg = Debug|Win32
		{8BA15AD9-995A-4B85-B18A-643B8F303731}.Debug|Win32.Build.0 = Debug|Win32
		{8BA15AD9-995A-4B85-B18A-643B8F303731}.Debug|x64.ActiveCfg = Debug|Win32
		{8BA15AD9-995A-4B85-B18A-643B8F303731}.Release|Win32.ActiveCfg = Release|Win32
		{8BA15AD9-995A-4B85-B18A-643B8F303731}.Release|Win32.Build.0 = Release|Win32
		{8BA15AD9-995A-4B85-B18A-643B8F303731}.Release|x64.ActiveCfg = Release|Win32
		{4C13B928-802F-467E-ABD8-5C70D09E763F}.Debug|Win32.ActiveCfg = Debug|Win32
		{4C13B928-802F-467E-ABD8-5C70D09E763F}.Debug|Win32.Build.0 = Debug|Win32
		{4C13B928-802F-467E-ABD8-5C70D09E763F}.Debug|x64.ActiveCfg = Debug|Win32
		{4C13B928-802F-467E-ABD8-5C70D09E763F}.Release|Win32.ActiveCfg = Release|Win32
		{4C13B928-802F-467E-ABD8-5C70D09E763F}.Release|Win32.Build.0 = Release|Win32
		{4C13B928-802F-467E-ABD8-5C70D09E763F}.Release|x64.ActiveCfg = Release|Win32
		{A9F67318-55E8-43F2-9F42-E1196E14DC30}.Debug|Win32.ActiveCfg = Debug|Win32
		{A9F67318-55E8-43F2-9F42-E1196E14DC30}.Debug|Win32.Build.0 = Debug|Win32
		{A9F67318-55E8-43F2-9F42-E1196E14DC30}.Debug|x64.ActiveCfg = Debug|x64
		{A9F67318-55E8-43F2-9F42-E1196E14DC30}.Debug|x64.Build.0 = Debug|x64
		{A9F67318-55E8-43F2-9F42-E1196E14DC30}.Release|Win32.ActiveCfg = Release|Win32
		{A9F67318-55E8-43F2-9F42-E1196E14DC30}.Release|Win32.Build.0 = Release|Win32
		{A9F67318-55E8-43F2-9F42-E1196E14DC30}.Release|x64.ActiveCfg = Release|x64
		{A9F67318-55E8-43F2-9F42-E1196E14DC30}.Release|x64.Build.0 = Release|x64
		{F386F31D-CB21-4B23-B30C-5E188FEA1F61}.Debug|Win32.ActiveCfg = Debug|Win32
		{F386F31D-CB21-4B23-B30C-5E188FEA1F61}.Debug|Win32.Build.0 = Debug|Win32
		{F386F31D-CB21-4B23-B30C-5E188FEA1F61}.Debug|x64.ActiveCfg = Debug|x64
		{F386F31D-CB21-4B23-B30C-5E188FEA1F61}.Debug|x64.Build.0 = Debug|x64
		{F386F31D-CB21-4B23-B30C-5E188FEA1F61}.Release|Win32.ActiveCfg = Release|Win32
		{F386F31D-CB21-4B23-B30C-5E188FEA1F61}.Release|Win32.Build.0 = Release|Win32
		{F386F31D-CB21-4B23-B30C-5E188FEA1F61}.Release|x64.ActiveCfg = Release|x64
		{F386F31D-CB21-4B23-B30C-5E188FEA1F61}.Release|x64.Build.0 = Release|x64
		{0E922113-796D-4676-9712-770E01E3CCDF}.Debug|Win32.ActiveCfg = Debug|Win32
		{0E922113-796D-4676-9712-770E01E3CCDF}.Debug|Win32.Build.0 = Debug|Win32
		{0E922113-796D-4676-9712-770E01E3CCDF}.Debug|x64.ActiveCfg = Debug|x64
		{0E922113-796D-4676-9712-770E01E3CCDF}.Debug|x64.Build.0 = Debug|x64
		{0E922113-796D-4676-9712-770E01E3CCDF}.Release|Win32.ActiveCfg = Release|Win32
		{0E922113-796D-4676-9712-770E01E3CCDF}.Release|Win32.Build.0 = Release|Win32
		{0E922113-796D-4676-9712-770E01E3CCDF}.Release|x64.ActiveCfg = Release|x64
		{0E922113-796D-4676-9712-770E01E3CCDF}.Release|x64.Build.0 = Release|x64
		{B5CC1F7A-ED8B-4DAB-958A-E746AA95F270}.Debug|Win32.ActiveCfg = Debug|Win32
		{B5CC1F7A-ED8B-4DAB-958A-E746AA95F270}.Debug|Win32.Build.0 = Debug|Win32
		{B5CC1F7A-ED8B-4DAB-958A-E746AA95F270}.Debug|x64.ActiveCfg = Debug|x64
		{B5CC1F7A-ED8B-4DAB-958A-E746AA95F270}.Debug|x64.Build.0 = Debug|x64
		{B5CC1F7A-ED8B-4DAB-958A-E746AA95F270}.Release|Win32.ActiveCfg = Release|Win32
		{B5CC1F7A-ED8B-4DAB-958A-E746AA95F270}.Release|Win32.Build.0 = Release|Win32
		{B5CC1F7A-ED8B-4DAB-958A-E746AA95F270}.Release|x64.ActiveCfg = Release|x64
		{B5CC1F7A-ED8B-4DAB-958A-E746AA95F270}.Release|x64.Build.0 = Release|x64
		{F770487E-32FC-47A3-BAAB-524A019E4F14}.Debug|Win32.ActiveCfg = Debug|Win32
		{F770487E-32FC-47A3-BAAB-524A019E4F14}.Debug|Win32.Build.0 = Debug|Win32
		{F770487E-32FC-47A3-BAAB-524A019E4F14}.Debug|x64.ActiveCfg = Debug|x64
		{F770487E-32FC-47A3-BAAB-524A019E4F14}.Debug|x64.Build.0 = Debug|x64
		{F770487E-32FC-47A3-BAAB-524A019E4F14}.Release|Win32.ActiveCfg = Release|Win32
		{F770487E-32FC-47A3-BAAB-524A019E4F14}.Release|Win32.Build.0 = Release|Win32
		{F770487E-32FC-47A3-BAAB-524A019E4F14}.Release|x64.ActiveCfg = Release|x64
		{F770487E-32FC-47A3-BAAB-524A019E4F14}.Release|x64.Build.0 = Release|x64
		{9BAB35E4-F995-4E4E-8D33-654A1076C3A6}.Debug|Win32.ActiveCfg = Debug|Win32
		{9BAB35E4-F995-4E4E-8D33-654A1076C3A6}.Debug|Win32.Build.0 = Debug|Win32
		{9BAB35E4-F995-4E4E-8D33-654A1076C3A6}.Debug|x64.ActiveCfg = Debug|x64
		{9BAB35E4-F995-4E4E-8D33-654A1076C3A6}.Debug|x64.Build.0 = Debug|x64
		{9BAB35E4-F995-4E4E-8D33-654A1076C3A6}.Release|Win32.ActiveCfg = Release|Win32
		{9BAB35E4-F995-4E4E-8D33-654A1076C3A6}.Release|Win32.Build.0 = Release|Win32
		{9BAB35E4-F995-4E4E-8D33-654A1076C3A6}.Release|x64.ActiveCfg = Release|x64
		{9BAB35E4-F995-4E4E-8D33-654A1076C3A6}.Release|x64.Build.0 = Release|x64
		{378100C4-9014-4AD5-9F70-9ECDE850DDFC}.Debug|Win32.ActiveCfg = Debug|Win32
		{378100C4-9014-4AD5-9F70-9ECDE850DDFC}.Debug|Win32.Build.0 = Debug|Win32
		{378100C4-9014-4AD5-9F70-9ECDE850DDFC}.Debug|x64.ActiveCfg = Debug|x64
		{378100C4-9014-4AD5-9F70-9ECDE850DDFC}.Debug|x64.Build.0 = Debug|x64
		{378100C4-9014-4AD5-9F70-9ECDE850DDFC}.Release|Win32.ActiveCfg = Release|Win32
		{378100C4-9014-4AD5-9F70-9ECDE850DDFC}.Release|Win32.Build.0 = Release|Win32
		{378100C4-9014-4AD5-9F70-9ECDE850DDFC}.Release|x64.ActiveCfg = Release|x64
		{378100C4-9014-4AD5-9F70-9ECDE850DDFC}.Release|x64.Build.0 = Release|x64
	EndGlobalSection
	GlobalSection(SolutionProperties) = preSolution
		HideSolutionNode = FALSE
	EndGlobalSection
	GlobalSection(NestedProjects) = preSolution
		{2A47D2BB-4C86-4472-8D00-E9767FB3D0D4} = {086EDF26-BD9A-42FE-A9CA-A04C85BEB706}
		{8F84B399-2335-4EEF-9C9E-890A2D2D0BCF} = {086EDF26-BD9A-42FE-A9CA-A04C85BEB706}
		{86C64CDE-659B-4D49-8FE4-138EAD71F717} = {086EDF26-BD9A-42FE-A9CA-A04C85BEB706}
		{C68BC31E-9A5F-4624-A496-4EC3C63246E8} = {086EDF26-BD9A-42FE-A9CA-A04C85BEB706}
		{1F1DF76B-3B5B-4A58-8F3E-31B5B8028E66} = {086EDF26-BD9A-42FE-A9CA-A04C85BEB706}
		{17AE58D5-71E2-4B68-A2DA-44B0A0F1DEC4} = {086EDF26-BD9A-42FE-A9CA-A04C85BEB706}
		{3DB91DB1-E147-4B38-868C-603CDFDF9F62} = {086EDF26-BD9A-42FE-A9CA-A04C85BEB706}
		{41398512-DDC4-42E4-9A7A-CED685B255A8} = {086EDF26-BD9A-42FE-A9CA-A04C85BEB706}
		{759A7CE5-6F84-4EB1-933B-3F4D571A07E0} = {086EDF26-BD9A-42FE-A9CA-A04C85BEB706}
		{3E1548D8-D41B-48A0-8A2D-94949B600B21} = {B01B8E4F-1AC5-4205-B497-95A1948043C4}
		{6745B8A0-ACD0-4729-B758-74BBA41891EF} = {B01B8E4F-1AC5-4205-B497-95A1948043C4}
		{3F5AB299-C9DF-45CE-A071-15DEB0FD007D} = {B01B8E4F-1AC5-4205-B497-95A1948043C4}
		{736B5A88-B7AF-490D-9F6F-C8AB23C5FB35} = {B01B8E4F-1AC5-4205-B497-95A1948043C4}
		{E3ED7B33-1A58-47CD-B57C-08F599A5D68A} = {B01B8E4F-1AC5-4205-B497-95A1948043C4}
		{BE699003-E472-4000-81C3-33AE10B4F03D} = {B01B8E4F-1AC5-4205-B497-95A1948043C4}
		{B5EF7925-4635-4E67-B2EE-2E1E8C4DE9BF} = {B01B8E4F-1AC5-4205-B497-95A1948043C4}
		{48762E31-95B1-4529-8BFA-BA9BF0D279DB} = {B01B8E4F-1AC5-4205-B497-95A1948043C4}
		{C3B58C62-3D00-493B-A246-129D9D18AA85} = {B01B8E4F-1AC5-4205-B497-95A1948043C4}
		{00EB091D-98CB-462B-B07A-B8BD18F11647} = {82E39A8F-41D7-4680-9886-0BDD115F9C1A}
		{1F791F10-C5CE-4F58-A3ED-83787A074665} = {82E39A8F-41D7-4680-9886-0BDD115F9C1A}
		{9116C2FD-D976-4631-8D9A-26BA46728D2A} = {82E39A8F-41D7-4680-9886-0BDD115F9C1A}
		{5D33C541-B3CE-489F-892D-5620ACFD7DDF} = {82E39A8F-41D7-4680-9886-0BDD115F9C1A}
		{E0AD2860-0F1B-408E-907E-87BA92848AC1} = {82E39A8F-41D7-4680-9886-0BDD115F9C1A}
		{FDD963BB-428B-4C29-B9F6-854FB5DED46F} = {4B9768C0-27D2-4788-9B47-BEBDD76DEA78}
		{A6C74857-05EC-4300-8DAD-F25DF4DED17F} = {4B9768C0-27D2-4788-9B47-BEBDD76DEA78}
		{8BA15AD9-995A-4B85-B18A-643B8F303731} = {4B9768C0-27D2-4788-9B47-BEBDD76DEA78}
		{4C13B928-802F-467E-ABD8-5C70D09E763F} = {4B9768C0-27D2-4788-9B47-BEBDD76DEA78}
		{A9F67318-55E8-43F2-9F42-E1196E14DC30} = {4B9768C0-27D2-4788-9B47-BEBDD76DEA78}
		{F386F31D-CB21-4B23-B30C-5E188FEA1F61} = {4B9768C0-27D2-4788-9B47-BEBDD76DEA78}
		{0E922113-796D-4676-9712-770E01E3CCDF} = {4B9768C0-27D2-4788-9B47-BEBDD76DEA78}
		{B5CC1F7A-ED8B-4DAB-958A-E746AA95F270} = {4B9768C0-27D2-4788-9B47-BEBDD76DEA78}
		{F770487E-32FC-47A3-BAAB-524A019E4F14} = {4B9768C0-27D2-4788-9B47-BEBDD76DEA78}
		{9BAB35E4-F995-4E4E-8D33-654A1076C3A6} = {4B9768C0-27D2-4788-9B47-BEBDD76DEA78}
		{378100C4-9014-4AD5-9F70-9ECDE850DDFC} = {4B9768C0-27D2-4788-9B47-BEBDD76DEA78}
	EndGlobalSection
	GlobalSection(ExtensibilityGlobals) = postSolution
		SolutionGuid = {FD162234-6073-4616-9A8A-F824C526CC09}
	EndGlobalSection
EndGlobal
