
Microsoft Visual Studio Solution File, Format Version 10.00
# Visual C++ Express 2008
Project("{8BC9CEB8-8B4A-11D0-8D11-00A0C91BC942}") = "Triangle", "Triangle\Triangle.vcproj", "{2A47D2BB-4C86-4472-8D00-E9767FB3D0D4}"
	ProjectSection(ProjectDependencies) = postProject
		{FDC89E84-3E71-491F-A69B-5F83255D9793} = {FDC89E84-3E71-491F-A69B-5F83255D9793}
		{9D49C0C7-F2AF-407C-8F2E-AF592F9ED876} = {9D49C0C7-F2AF-407C-8F2E-AF592F9ED876}
	EndProjectSection
EndProject
Project("{8BC9CEB8-8B4A-11D0-8D11-00A0C91BC942}") = "GLTools", "GLTools\GLTools.vcproj", "{FDC89E84-3E71-491F-A69B-5F83255D9793}"
EndProject
Project("{8BC9CEB8-8B4A-11D0-8D11-00A0C91BC942}") = "Move", "Move\Move.vcproj", "{8F84B399-2335-4EEF-9C9E-890A2D2D0BCF}"
	ProjectSection(ProjectDependencies) = postProject
		{FDC89E84-3E71-491F-A69B-5F83255D9793} = {FDC89E84-3E71-491F-A69B-5F83255D9793}
	EndProjectSection
EndProject
Project("{8BC9CEB8-8B4A-11D0-8D11-00A0C91BC942}") = "Scissor", "Scissor\Scissor.vcproj", "{86C64CDE-659B-4D49-8FE4-138EAD71F717}"
	ProjectSection(ProjectDependencies) = postProject
		{FDC89E84-3E71-491F-A69B-5F83255D9793} = {FDC89E84-3E71-491F-A69B-5F83255D9793}
	EndProjectSection
EndProject
Project("{8BC9CEB8-8B4A-11D0-8D11-00A0C91BC942}") = "GeoTest", "GeoTest\GeoTest.vcproj", "{C68BC31E-9A5F-4624-A496-4EC3C63246E8}"
	ProjectSection(ProjectDependencies) = postProject
		{FDC89E84-3E71-491F-A69B-5F83255D9793} = {FDC89E84-3E71-491F-A69B-5F83255D9793}
	EndProjectSection
EndProject
Project("{8BC9CEB8-8B4A-11D0-8D11-00A0C91BC942}") = "FreeGLUT", "FreeGLUT\FreeGLUT.vcproj", "{9D49C0C7-F2AF-407C-8F2E-AF592F9ED876}"
EndProject
Project("{8BC9CEB8-8B4A-11D0-8D11-00A0C91BC942}") = "Primitives", "Primitives\Primitives.vcproj", "{1F1DF76B-3B5B-4A58-8F3E-31B5B8028E66}"
	ProjectSection(ProjectDependencies) = postProject
		{FDC89E84-3E71-491F-A69B-5F83255D9793} = {FDC89E84-3E71-491F-A69B-5F83255D9793}
		{9D49C0C7-F2AF-407C-8F2E-AF592F9ED876} = {9D49C0C7-F2AF-407C-8F2E-AF592F9ED876}
	EndProjectSection
EndProject
Project("{8BC9CEB8-8B4A-11D0-8D11-00A0C91BC942}") = "Block", "Block\Block.vcproj", "{17AE58D5-71E2-4B68-A2DA-44B0A0F1DEC4}"
	ProjectSection(ProjectDependencies) = postProject
		{FDC89E84-3E71-491F-A69B-5F83255D9793} = {FDC89E84-3E71-491F-A69B-5F83255D9793}
		{9D49C0C7-F2AF-407C-8F2E-AF592F9ED876} = {9D49C0C7-F2AF-407C-8F2E-AF592F9ED876}
	EndProjectSection
EndProject
Project("{8BC9CEB8-8B4A-11D0-8D11-00A0C91BC942}") = "Bounce", "Bounce\Bounce.vcproj", "{3DB91DB1-E147-4B38-868C-603CDFDF9F62}"
	ProjectSection(ProjectDependencies) = postProject
		{FDC89E84-3E71-491F-A69B-5F83255D9793} = {FDC89E84-3E71-491F-A69B-5F83255D9793}
		{9D49C0C7-F2AF-407C-8F2E-AF592F9ED876} = {9D49C0C7-F2AF-407C-8F2E-AF592F9ED876}
	EndProjectSection
EndProject
Project("{8BC9CEB8-8B4A-11D0-8D11-00A0C91BC942}") = "Blending", "Blending\Blending.vcproj", "{41398512-DDC4-42E4-9A7A-CED685B255A8}"
	ProjectSection(ProjectDependencies) = postProject
		{FDC89E84-3E71-491F-A69B-5F83255D9793} = {FDC89E84-3E71-491F-A69B-5F83255D9793}
		{9D49C0C7-F2AF-407C-8F2E-AF592F9ED876} = {9D49C0C7-F2AF-407C-8F2E-AF592F9ED876}
	EndProjectSection
EndProject
Project("{8BC9CEB8-8B4A-11D0-8D11-00A0C91BC942}") = "Smoother", "Smoother\Smoother.vcproj", "{759A7CE5-6F84-4EB1-933B-3F4D571A07E0}"
	ProjectSection(ProjectDependencies) = postProject
		{FDC89E84-3E71-491F-A69B-5F83255D9793} = {FDC89E84-3E71-491F-A69B-5F83255D9793}
		{9D49C0C7-F2AF-407C-8F2E-AF592F9ED876} = {9D49C0C7-F2AF-407C-8F2E-AF592F9ED876}
	EndProjectSection
EndProject
Project("{8BC9CEB8-8B4A-11D0-8D11-00A0C91BC942}") = "Chapter4-Move", "Chapter4-Move\Chapter4-Move.vcproj", "{3E1548D8-D41B-48A0-8A2D-94949B600B21}"
	ProjectSection(ProjectDependencies) = postProject
		{FDC89E84-3E71-491F-A69B-5F83255D9793} = {FDC89E84-3E71-491F-A69B-5F83255D9793}
		{9D49C0C7-F2AF-407C-8F2E-AF592F9ED876} = {9D49C0C7-F2AF-407C-8F2E-AF592F9ED876}
	EndProjectSection
EndProject
Project("{8BC9CEB8-8B4A-11D0-8D11-00A0C91BC942}") = "Chapter4-ModelViewProjection", "Chapter4-ModelViewProjection\Chapter4-ModelViewProjection.vcproj", "{6745B8A0-ACD0-4729-B758-74BBA41891EF}"
	ProjectSection(ProjectDependencies) = postProject
		{FDC89E84-3E71-491F-A69B-5F83255D9793} = {FDC89E84-3E71-491F-A69B-5F83255D9793}
		{9D49C0C7-F2AF-407C-8F2E-AF592F9ED876} = {9D49C0C7-F2AF-407C-8F2E-AF592F9ED876}
	EndProjectSection
EndProject
Project("{8BC9CEB8-8B4A-11D0-8D11-00A0C91BC942}") = "Chapter4-Objects", "Chapter4-Objects\Chapter4-Objects.vcproj", "{3F5AB299-C9DF-45CE-A071-15DEB0FD007D}"
	ProjectSection(ProjectDependencies) = postProject
		{FDC89E84-3E71-491F-A69B-5F83255D9793} = {FDC89E84-3E71-491F-A69B-5F83255D9793}
		{9D49C0C7-F2AF-407C-8F2E-AF592F9ED876} = {9D49C0C7-F2AF-407C-8F2E-AF592F9ED876}
	EndProjectSection
EndProject
Project("{8BC9CEB8-8B4A-11D0-8D11-00A0C91BC942}") = "Chapter4-Orthographic", "Chapter4-Orthographic\Chapter4-Orthographic.vcproj", "{736B5A88-B7AF-490D-9F6F-C8AB23C5FB35}"
	ProjectSection(ProjectDependencies) = postProject
		{FDC89E84-3E71-491F-A69B-5F83255D9793} = {FDC89E84-3E71-491F-A69B-5F83255D9793}
		{9D49C0C7-F2AF-407C-8F2E-AF592F9ED876} = {9D49C0C7-F2AF-407C-8F2E-AF592F9ED876}
	EndProjectSection
EndProject
Project("{8BC9CEB8-8B4A-11D0-8D11-00A0C91BC942}") = "Chapter4-Perspective", "Chapter4-Perspective\Chapter4-Perspective.vcproj", "{E3ED7B33-1A58-47CD-B57C-08F599A5D68A}"
	ProjectSection(ProjectDependencies) = postProject
		{FDC89E84-3E71-491F-A69B-5F83255D9793} = {FDC89E84-3E71-491F-A69B-5F83255D9793}
		{9D49C0C7-F2AF-407C-8F2E-AF592F9ED876} = {9D49C0C7-F2AF-407C-8F2E-AF592F9ED876}
	EndProjectSection
EndProject
Project("{8BC9CEB8-8B4A-11D0-8D11-00A0C91BC942}") = "Chapter4-SphereWorld", "Chapter4-SphereWorld\Chapter4-SphereWorld.vcproj", "{BE699003-E472-4000-81C3-33AE10B4F03D}"
	ProjectSection(ProjectDependencies) = postProject
		{FDC89E84-3E71-491F-A69B-5F83255D9793} = {FDC89E84-3E71-491F-A69B-5F83255D9793}
		{9D49C0C7-F2AF-407C-8F2E-AF592F9ED876} = {9D49C0C7-F2AF-407C-8F2E-AF592F9ED876}
	EndProjectSection
EndProject
Project("{8BC9CEB8-8B4A-11D0-8D11-00A0C91BC942}") = "Chapter4-SphereWorld2", "Chapter4-SphereWorld2\Chapter4-SphereWorld2.vcproj", "{B5EF7925-4635-4E67-B2EE-2E1E8C4DE9BF}"
	ProjectSection(ProjectDependencies) = postProject
		{FDC89E84-3E71-491F-A69B-5F83255D9793} = {FDC89E84-3E71-491F-A69B-5F83255D9793}
		{9D49C0C7-F2AF-407C-8F2E-AF592F9ED876} = {9D49C0C7-F2AF-407C-8F2E-AF592F9ED876}
	EndProjectSection
EndProject
Project("{8BC9CEB8-8B4A-11D0-8D11-00A0C91BC942}") = "Chapter4-SphereWorld3", "Chapter4-SphereWorld3\Chapter4-SphereWorld3.vcproj", "{48762E31-95B1-4529-8BFA-BA9BF0D279DB}"
	ProjectSection(ProjectDependencies) = postProject
		{FDC89E84-3E71-491F-A69B-5F83255D9793} = {FDC89E84-3E71-491F-A69B-5F83255D9793}
		{9D49C0C7-F2AF-407C-8F2E-AF592F9ED876} = {9D49C0C7-F2AF-407C-8F2E-AF592F9ED876}
	EndProjectSection
EndProject
Project("{8BC9CEB8-8B4A-11D0-8D11-00A0C91BC942}") = "Chapter4-SphereWorld4", "Chapter4-SphereWorld4\Chapter4-SphereWorld4.vcproj", "{C3B58C62-3D00-493B-A246-129D9D18AA85}"
	ProjectSection(ProjectDependencies) = postProject
		{FDC89E84-3E71-491F-A69B-5F83255D9793} = {FDC89E84-3E71-491F-A69B-5F83255D9793}
		{9D49C0C7-F2AF-407C-8F2E-AF592F9ED876} = {9D49C0C7-F2AF-407C-8F2E-AF592F9ED876}
	EndProjectSection
EndProject
Project("{8BC9CEB8-8B4A-11D0-8D11-00A0C91BC942}") = "Chapter5-WriteTGA", "Chapter5-WriteTGA\Chapter5-WriteTGA.vcproj", "{00EB091D-98CB-462B-B07A-B8BD18F11647}"
	ProjectSection(ProjectDependencies) = postProject
		{FDC89E84-3E71-491F-A69B-5F83255D9793} = {FDC89E84-3E71-491F-A69B-5F83255D9793}
		{9D49C0C7-F2AF-407C-8F2E-AF592F9ED876} = {9D49C0C7-F2AF-407C-8F2E-AF592F9ED876}
	EndProjectSection
EndProject
Project("{8BC9CEB8-8B4A-11D0-8D11-00A0C91BC942}") = "Chapter5-Pyramid", "Chapter5-Pyramid\Chapter5-Pyramid.vcproj", "{1F791F10-C5CE-4F58-A3ED-83787A074665}"
	ProjectSection(ProjectDependencies) = postProject
		{FDC89E84-3E71-491F-A69B-5F83255D9793} = {FDC89E84-3E71-491F-A69B-5F83255D9793}
		{9D49C0C7-F2AF-407C-8F2E-AF592F9ED876} = {9D49C0C7-F2AF-407C-8F2E-AF592F9ED876}
	EndProjectSection
EndProject
Project("{8BC9CEB8-8B4A-11D0-8D11-00A0C91BC942}") = "Chapter5-Tunnel", "Chapter5-Tunnel\Chapter5-Tunnel.vcproj", "{9116C2FD-D976-4631-8D9A-26BA46728D2A}"
	ProjectSection(ProjectDependencies) = postProject
		{FDC89E84-3E71-491F-A69B-5F83255D9793} = {FDC89E84-3E71-491F-A69B-5F83255D9793}
		{9D49C0C7-F2AF-407C-8F2E-AF592F9ED876} = {9D49C0C7-F2AF-407C-8F2E-AF592F9ED876}
	EndProjectSection
EndProject
Project("{8BC9CEB8-8B4A-11D0-8D11-00A0C91BC942}") = "Chapter5-Anisotropic", "Chapter5-Anisotropic\Chapter5-Anisotropic.vcproj", "{5D33C541-B3CE-489F-892D-5620ACFD7DDF}"
	ProjectSection(ProjectDependencies) = postProject
		{FDC89E84-3E71-491F-A69B-5F83255D9793} = {FDC89E84-3E71-491F-A69B-5F83255D9793}
		{9D49C0C7-F2AF-407C-8F2E-AF592F9ED876} = {9D49C0C7-F2AF-407C-8F2E-AF592F9ED876}
	EndProjectSection
EndProject
Project("{8BC9CEB8-8B4A-11D0-8D11-00A0C91BC942}") = "Chapter5-SphereWorld", "Chapter5-SphereWorld\Chapter5-SphereWorld.vcproj", "{E0AD2860-0F1B-408E-907E-87BA92848AC1}"
	ProjectSection(ProjectDependencies) = postProject
		{FDC89E84-3E71-491F-A69B-5F83255D9793} = {FDC89E84-3E71-491F-A69B-5F83255D9793}
		{9D49C0C7-F2AF-407C-8F2E-AF592F9ED876} = {9D49C0C7-F2AF-407C-8F2E-AF592F9ED876}
	EndProjectSection
EndProject
Project("{8BC9CEB8-8B4A-11D0-8D11-00A0C91BC942}") = "Chapter6-Triangle", "Chapter6-Triangle\Chapter6-Triangle.vcproj", "{FDD963BB-428B-4C29-B9F6-854FB5DED46F}"
	ProjectSection(ProjectDependencies) = postProject
		{FDC89E84-3E71-491F-A69B-5F83255D9793} = {FDC89E84-3E71-491F-A69B-5F83255D9793}
		{9D49C0C7-F2AF-407C-8F2E-AF592F9ED876} = {9D49C0C7-F2AF-407C-8F2E-AF592F9ED876}
	EndProjectSection
EndProject
Project("{8BC9CEB8-8B4A-11D0-8D11-00A0C91BC942}") = "Chapter6-ShadedTriangle", "Chapter6-ShadedTriangle\Chapter6-ShadedTriangle.vcproj", "{A6C74857-05EC-4300-8DAD-F25DF4DED17F}"
	ProjectSection(ProjectDependencies) = postProject
		{FDC89E84-3E71-491F-A69B-5F83255D9793} = {FDC89E84-3E71-491F-A69B-5F83255D9793}
		{9D49C0C7-F2AF-407C-8F2E-AF592F9ED876} = {9D49C0C7-F2AF-407C-8F2E-AF592F9ED876}
	EndProjectSection
EndProject
Project("{8BC9CEB8-8B4A-11D0-8D11-00A0C91BC942}") = "Chapter6-ProvokingVertex", "Chapter6-ProvokingVertex\Chapter6-ProvokingVertex.vcproj", "{8BA15AD9-995A-4B85-B18A-643B8F303731}"
	ProjectSection(ProjectDependencies) = postProject
		{FDC89E84-3E71-491F-A69B-5F83255D9793} = {FDC89E84-3E71-491F-A69B-5F83255D9793}
		{9D49C0C7-F2AF-407C-8F2E-AF592F9ED876} = {9D49C0C7-F2AF-407C-8F2E-AF592F9ED876}
	EndProjectSection
EndProject
Project("{8BC9CEB8-8B4A-11D0-8D11-00A0C91BC942}") = "Chapter6-FlatShader", "Chapter6-FlatShader\Chapter6-FlatShader.vcproj", "{4C13B928-802F-467E-ABD8-5C70D09E763F}"
	ProjectSection(ProjectDependencies) = postProject
		{FDC89E84-3E71-491F-A69B-5F83255D9793} = {FDC89E84-3E71-491F-A69B-5F83255D9793}
		{9D49C0C7-F2AF-407C-8F2E-AF592F9ED876} = {9D49C0C7-F2AF-407C-8F2E-AF592F9ED876}
	EndProjectSection
EndProject
Global
	GlobalSection(SolutionConfigurationPlatforms) = preSolution
		Debug|Win32 = Debug|Win32
		Release|Win32 = Release|Win32
	EndGlobalSection
	GlobalSection(ProjectConfigurationPlatforms) = postSolution
		{2A47D2BB-4C86-4472-8D00-E9767FB3D0D4}.Debug|Win32.ActiveCfg = Debug|Win32
		{2A47D2BB-4C86-4472-8D00-E9767FB3D0D4}.Debug|Win32.Build.0 = Debug|Win32
		{2A47D2BB-4C86-4472-8D00-E9767FB3D0D4}.Release|Win32.ActiveCfg = Release|Win32
		{2A47D2BB-4C86-4472-8D00-E9767FB3D0D4}.Release|Win32.Build.0 = Release|Win32
		{FDC89E84-3E71-491F-A69B-5F83255D9793}.Debug|Win32.ActiveCfg = Debug|Win32
		{FDC89E84-3E71-491F-A69B-5F83255D9793}.Debug|Win32.Build.0 = Debug|Win32
		{FDC89E84-3E71-491F-A69B-5F83255D9793}.Release|Win32.ActiveCfg = Release|Win32
		{FDC89E84-3E71-491F-A69B-5F83255D9793}.Release|Win32.Build.0 = Release|Win32
		{8F84B399-2335-4EEF-9C9E-890A2D2D0BCF}.Debug|Win32.ActiveCfg = Debug|Win32
		{8F84B399-2335-4EEF-9C9E-890A2D2D0BCF}.Debug|Win32.Build.0 = Debug|Win32
		{8F84B399-2335-4EEF-9C9E-890A2D2D0BCF}.Release|Win32.ActiveCfg = Release|Win32
		{8F84B399-2335-4EEF-9C9E-890A2D2D0BCF}.Release|Win32.Build.0 = Release|Win32
		{86C64CDE-659B-4D49-8FE4-138EAD71F717}.Debug|Win32.ActiveCfg = Debug|Win32
		{86C64CDE-659B-4D49-8FE4-138EAD71F717}.Debug|Win32.Build.0 = Debug|Win32
		{86C64CDE-659B-4D49-8FE4-138EAD71F717}.Release|Win32.ActiveCfg = Release|Win32
		{86C64CDE-659B-4D49-8FE4-138EAD71F717}.Release|Win32.Build.0 = Release|Win32
		{C68BC31E-9A5F-4624-A496-4EC3C63246E8}.Debug|Win32.ActiveCfg = Debug|Win32
		{C68BC31E-9A5F-4624-A496-4EC3C63246E8}.Debug|Win32.Build.0 = Debug|Win32
		{C68BC31E-9A5F-4624-A496-4EC3C63246E8}.Release|Win32.ActiveCfg = Release|Win32
		{C68BC31E-9A5F-4624-A496-4EC3C63246E8}.Release|Win32.Build.0 = Release|Win32
		{9D49C0C7-F2AF-407C-8F2E-AF592F9ED876}.Debug|Win32.ActiveCfg = Debug|Win32
		{9D49C0C7-F2AF-407C-8F2E-AF592F9ED876}.Debug|Win32.Build.0 = Debug|Win32
		{9D49C0C7-F2AF-407C-8F2E-AF592F9ED876}.Release|Win32.ActiveCfg = Release|Win32
		{9D49C0C7-F2AF-407C-8F2E-AF592F9ED876}.Release|Win32.Build.0 = Release|Win32
		{1F1DF76B-3B5B-4A58-8F3E-31B5B8028E66}.Debug|Win32.ActiveCfg = Debug|Win32
		{1F1DF76B-3B5B-4A58-8F3E-31B5B8028E66}.Debug|Win32.Build.0 = Debug|Win32
		{1F1DF76B-3B5B-4A58-8F3E-31B5B8028E66}.Release|Win32.ActiveCfg = Release|Win32
		{1F1DF76B-3B5B-4A58-8F3E-31B5B8028E66}.Release|Win32.Build.0 = Release|Win32
		{17AE58D5-71E2-4B68-A2DA-44B0A0F1DEC4}.Debug|Win32.ActiveCfg = Debug|Win32
		{17AE58D5-71E2-4B68-A2DA-44B0A0F1DEC4}.Debug|Win32.Build.0 = Debug|Win32
		{17AE58D5-71E2-4B68-A2DA-44B0A0F1DEC4}.Release|Win32.ActiveCfg = Release|Win32
		{17AE58D5-71E2-4B68-A2DA-44B0A0F1DEC4}.Release|Win32.Build.0 = Release|Win32
		{3DB91DB1-E147-4B38-868C-603CDFDF9F62}.Debug|Win32.ActiveCfg = Debug|Win32
		{3DB91DB1-E147-4B38-868C-603CDFDF9F62}.Debug|Win32.Build.0 = Debug|Win32
		{3DB91DB1-E147-4B38-868C-603CDFDF9F62}.Release|Win32.ActiveCfg = Release|Win32
		{3DB91DB1-E147-4B38-868C-603CDFDF9F62}.Release|Win32.Build.0 = Release|Win32
		{41398512-DDC4-42E4-9A7A-CED685B255A8}.Debug|Win32.ActiveCfg = Debug|Win32
		{41398512-DDC4-42E4-9A7A-CED685B255A8}.Debug|Win32.Build.0 = Debug|Win32
		{41398512-DDC4-42E4-9A7A-CED685B255A8}.Release|Win32.ActiveCfg = Release|Win32
		{41398512-DDC4-42E4-9A7A-CED685B255A8}.Release|Win32.Build.0 = Release|Win32
		{759A7CE5-6F84-4EB1-933B-3F4D571A07E0}.Debug|Win32.ActiveCfg = Debug|Win32
		{759A7CE5-6F84-4EB1-933B-3F4D571A07E0}.Debug|Win32.Build.0 = Debug|Win32
		{759A7CE5-6F84-4EB1-933B-3F4D571A07E0}.Release|Win32.ActiveCfg = Release|Win32
		{759A7CE5-6F84-4EB1-933B-3F4D571A07E0}.Release|Win32.Build.0 = Release|Win32
		{3E1548D8-D41B-48A0-8A2D-94949B600B21}.Debug|Win32.ActiveCfg = Debug|Win32
		{3E1548D8-D41B-48A0-8A2D-94949B600B21}.Debug|Win32.Build.0 = Debug|Win32
		{3E1548D8-D41B-48A0-8A2D-94949B600B21}.Release|Win32.ActiveCfg = Release|Win32
		{3E1548D8-D41B-48A0-8A2D-94949B600B21}.Release|Win32.Build.0 = Release|Win32
		{6745B8A0-ACD0-4729-B758-74BBA41891EF}.Debug|Win32.ActiveCfg = Debug|Win32
		{6745B8A0-ACD0-4729-B758-74BBA41891EF}.Debug|Win32.Build.0 = Debug|Win32
		{6745B8A0-ACD0-4729-B758-74BBA41891EF}.Release|Win32.ActiveCfg = Release|Win32
		{6745B8A0-ACD0-4729-B758-74BBA41891EF}.Release|Win32.Build.0 = Release|Win32
		{3F5AB299-C9DF-45CE-A071-15DEB0FD007D}.Debug|Win32.ActiveCfg = Debug|Win32
		{3F5AB299-C9DF-45CE-A071-15DEB0FD007D}.Debug|Win32.Build.0 = Debug|Win32
		{3F5AB299-C9DF-45CE-A071-15DEB0FD007D}.Release|Win32.ActiveCfg = Release|Win32
		{3F5AB299-C9DF-45CE-A071-15DEB0FD007D}.Release|Win32.Build.0 = Release|Win32
		{736B5A88-B7AF-490D-9F6F-C8AB23C5FB35}.Debug|Win32.ActiveCfg = Debug|Win32
		{736B5A88-B7AF-490D-9F6F-C8AB23C5FB35}.Debug|Win32.Build.0 = Debug|Win32
		{736B5A88-B7AF-490D-9F6F-C8AB23C5FB35}.Release|Win32.ActiveCfg = Release|Win32
		{736B5A88-B7AF-490D-9F6F-C8AB23C5FB35}.Release|Win32.Build.0 = Release|Win32
		{E3ED7B33-1A58-47CD-B57C-08F599A5D68A}.Debug|Win32.ActiveCfg = Debug|Win32
		{E3ED7B33-1A58-47CD-B57C-08F599A5D68A}.Debug|Win32.Build.0 = Debug|Win32
		{E3ED7B33-1A58-47CD-B57C-08F599A5D68A}.Release|Win32.ActiveCfg = Release|Win32
		{E3ED7B33-1A58-47CD-B57C-08F599A5D68A}.Release|Win32.Build.0 = Release|Win32
		{BE699003-E472-4000-81C3-33AE10B4F03D}.Debug|Win32.ActiveCfg = Debug|Win32
		{BE699003-E472-4000-81C3-33AE10B4F03D}.Debug|Win32.Build.0 = Debug|Win32
		{BE699003-E472-4000-81C3-33AE10B4F03D}.Release|Win32.ActiveCfg = Release|Win32
		{BE699003-E472-4000-81C3-33AE10B4F03D}.Release|Win32.Build.0 = Release|Win32
		{B5EF7925-4635-4E67-B2EE-2E1E8C4DE9BF}.Debug|Win32.ActiveCfg = Debug|Win32
		{B5EF7925-4635-4E67-B2EE-2E1E8C4DE9BF}.Debug|Win32.Build.0 = Debug|Win32
		{B5EF7925-4635-4E67-B2EE-2E1E8C4DE9BF}.Release|Win32.ActiveCfg = Release|Win32
		{B5EF7925-4635-4E67-B2EE-2E1E8C4DE9BF}.Release|Win32.Build.0 = Release|Win32
		{48762E31-95B1-4529-8BFA-BA9BF0D279DB}.Debug|Win32.ActiveCfg = Debug|Win32
		{48762E31-95B1-4529-8BFA-BA9BF0D279DB}.Debug|Win32.Build.0 = Debug|Win32
		{48762E31-95B1-4529-8BFA-BA9BF0D279DB}.Release|Win32.ActiveCfg = Release|Win32
		{48762E31-95B1-4529-8BFA-BA9BF0D279DB}.Release|Win32.Build.0 = Release|Win32
		{C3B58C62-3D00-493B-A246-129D9D18AA85}.Debug|Win32.ActiveCfg = Debug|Win32
		{C3B58C62-3D00-493B-A246-129D9D18AA85}.Debug|Win32.Build.0 = Debug|Win32
		{C3B58C62-3D00-493B-A246-129D9D18AA85}.Release|Win32.ActiveCfg = Release|Win32
		{C3B58C62-3D00-493B-A246-129D9D18AA85}.Release|Win32.Build.0 = Release|Win32
		{00EB091D-98CB-462B-B07A-B8BD18F11647}.Debug|Win32.ActiveCfg = Debug|Win32
		{00EB091D-98CB-462B-B07A-B8BD18F11647}.Debug|Win32.Build.0 = Debug|Win32
		{00EB091D-98CB-462B-B07A-B8BD18F11647}.Release|Win32.ActiveCfg = Release|Win32
		{00EB091D-98CB-462B-B07A-B8BD18F11647}.Release|Win32.Build.0 = Release|Win32
		{1F791F10-C5CE-4F58-A3ED-83787A074665}.Debug|Win32.ActiveCfg = Debug|Win32
		{1F791F10-C5CE-4F58-A3ED-83787A074665}.Debug|Win32.Build.0 = Debug|Win32
		{1F791F10-C5CE-4F58-A3ED-83787A074665}.Release|Win32.ActiveCfg = Release|Win32
		{1F791F10-C5CE-4F58-A3ED-83787A074665}.Release|Win32.Build.0 = Release|Win32
		{9116C2FD-D976-4631-8D9A-26BA46728D2A}.Debug|Win32.ActiveCfg = Debug|Win32
		{9116C2FD-D976-4631-8D9A-26BA46728D2A}.Debug|Win32.Build.0 = Debug|Win32
		{9116C2FD-D976-4631-8D9A-26BA46728D2A}.Release|Win32.ActiveCfg = Release|Win32
		{9116C2FD-D976-4631-8D9A-26BA46728D2A}.Release|Win32.Build.0 = Release|Win32
		{5D33C541-B3CE-489F-892D-5620ACFD7DDF}.Debug|Win32.ActiveCfg = Debug|Win32
		{5D33C541-B3CE-489F-892D-5620ACFD7DDF}.Debug|Win32.Build.0 = Debug|Win32
		{5D33C541-B3CE-489F-892D-5620ACFD7DDF}.Release|Win32.ActiveCfg = Release|Win32
		{5D33C541-B3CE-489F-892D-5620ACFD7DDF}.Release|Win32.Build.0 = Release|Win32
		{E0AD2860-0F1B-408E-907E-87BA92848AC1}.Debug|Win32.ActiveCfg = Debug|Win32
		{E0AD2860-0F1B-408E-907E-87BA92848AC1}.Debug|Win32.Build.0 = Debug|Win32
		{E0AD2860-0F1B-408E-907E-87BA92848AC1}.Release|Win32.ActiveCfg = Release|Win32
		{E0AD2860-0F1B-408E-907E-87BA92848AC1}.Release|Win32.Build.0 = Release|Win32
		{FDD963BB-428B-4C29-B9F6-854FB5DED46F}.Debug|Win32.ActiveCfg = Debug|Win32
		{FDD963BB-428B-4C29-B9F6-854FB5DED46F}.Debug|Win32.Build.0 = Debug|Win32
		{FDD963BB-428B-4C29-B9F6-854FB5DED46F}.Release|Win32.ActiveCfg = Release|Win32
		{FDD963BB-428B-4C29-B9F6-854FB5DED46F}.Release|Win32.Build.0 = Release|Win32
		{A6C74857-05EC-4300-8DAD-F25DF4DED17F}.Debug|Win32.ActiveCfg = Debug|Win32
		{A6C74857-05EC-4300-8DAD-F25DF4DED17F}.Debug|Win32.Build.0 = Debug|Win32
		{A6C74857-05EC-4300-8DAD-F25DF4DED17F}.Release|Win32.ActiveCfg = Release|Win32
		{A6C74857-05EC-4300-8DAD-F25DF4DED17F}.Release|Win32.Build.0 = Release|Win32
		{8BA15AD9-995A-4B85-B18A-643B8F303731}.Debug|Win32.ActiveCfg = Debug|Win32
		{8BA15AD9-995A-4B85-B18A-643B8F303731}.Debug|Win32.Build.0 = Debug|Win32
		{8BA15AD9-995A-4B85-B18A-643B8F303731}.Release|Win32.ActiveCfg = Release|Win32
		{8BA15AD9-995A-4B85-B18A-643B8F303731}.Release|Win32.Build.0 = Release|Win32
		{4C13B928-802F-467E-ABD8-5C70D09E763F}.Debug|Win32.ActiveCfg = Debug|Win32
		{4C13B928-802F-467E-ABD8-5C70D09E763F}.Debug|Win32.Build.0 = Debug|Win32
		{4C13B928-802F-467E-ABD8-5C70D09E763F}.Release|Win32.ActiveCfg = Release|Win32
		{4C13B928-802F-467E-ABD8-5C70D09E763F}.Release|Win32.Build.0 = Release|Win32
	EndGlobalSection
	GlobalSection(SolutionProperties) = preSolution
		HideSolutionNode = FALSE
	EndGlobalSection
EndGlobal
