<?xml version="1.0" encoding="utf-8"?>
<Project ToolsVersion="4.0" xmlns="http://schemas.microsoft.com/developer/msbuild/2003">
  <ItemGroup>
    <Filter Include="Source Files">
      <UniqueIdentifier>{4FC737F1-C7A5-4376-A066-2A32D752A2FF}</UniqueIdentifier>
      <Extensions>cpp;c;cc;cxx;def;odl;idl;hpj;bat;asm;asmx</Extensions>
    </Filter>
    <Filter Include="Header Files">
      <UniqueIdentifier>{93995380-89BD-4b04-88EB-625FBE52EBFB}</UniqueIdentifier>
      <Extensions>h;hpp;hxx;hm;inl;inc;xsd</Extensions>
    </Filter>
    <Filter Include="Header Files\GL">
      <UniqueIdentifier>{ad8d26a5-0b83-4457-8df3-105263930dfe}</UniqueIdentifier>
    </Filter>
    <Filter Include="Resource Files">
      <UniqueIdentifier>{67DA6AB6-F800-4c08-8B7A-83BB121AAD01}</UniqueIdentifier>
      <Extensions>rc;ico;cur;bmp;dlg;rc2;rct;bin;rgs;gif;jpg;jpeg;jpe;resx;tiff;tif;png;wav</Extensions>
    </Filter>
  </ItemGroup>
  <ItemGroup>
    <ClCompile Include="Src\GLBatch.cpp">
      <Filter>Source Files</Filter>
    </ClCompile>
    <ClCompile Include="Src\glew.c">
      <Filter>Source Files</Filter>
    </ClCompile>
    <ClCompile Include="Src\GLShaderManager.cpp">
      <Filter>Source Files</Filter>
    </ClCompile>
    <ClCompile Include="Src\GLTools.cpp">
      <Filter>Source Files</Filter>
    </ClCompile>
    <ClCompile Include="Src\GLTriangleBatch.cpp">
      <Filter>Source Files</Filter>
    </ClCompile>
    <ClCompile Include="Src\math3d.cpp">
      <Filter>Source Files</Filter>
    </ClCompile>
  </ItemGroup>
  <ItemGroup>
    <ClInclude Include="Include\GLBatch.h">
      <Filter>Header Files</Filter>
    </ClInclude>
    <ClInclude Include="Include\GLBatchBase.h">
      <Filter>Header Files</Filter>
    </ClInclude>
    <ClInclude Include="Include\GLFrame.h">
      <Filter>Header Files</Filter>
    </ClInclude>
    <ClInclude Include="Include\GLFrustum.h">
      <Filter>Header Files</Filter>
    </ClInclude>
    <ClInclude Include="Include\GLGeometryTransform.h">
      <Filter>Header Files</Filter>
    </ClInclude>
    <ClInclude Include="Include\GLMatrixStack.h">
      <Filter>Header Files</Filter>
    </ClInclude>
    <ClInclude Include="Include\GLShaderManager.h">
      <Filter>Header Files</Filter>
    </ClInclude>
    <ClInclude Include="Include\GLTools.h">
      <Filter>Header Files</Filter>
    </ClInclude>
    <ClInclude Include="Include\GLTriangleBatch.h">
      <Filter>Header Files</Filter>
    </ClInclude>
    <ClInclude Include="Include\math3d.h">
      <Filter>Header Files</Filter>
    </ClInclude>
    <ClInclude Include="Include\StopWatch.h">
      <Filter>Header Files</Filter>
    </ClInclude>
    <ClInclude Include="Include\GL\glew.h">
      <Filter>Header Files\GL</Filter>
    </ClInclude>
    <ClInclude Include="Include\GL\glxew.h">
      <Filter>Header Files\GL</Filter>
    </ClInclude>
    <ClInclude Include="Include\GL\wglew.h">
      <Filter>Header Files\GL</Filter>
    </ClInclude>
  </ItemGroup>
  <ItemGroup>
    <Text Include="ReadMe.txt" />
  </ItemGroup>
</Project>